
Microsoft Visual Studio Solution File, Format Version 12.00
# Visual Studio Version 17
VisualStudioVersion = 17.5.002.0
MinimumVisualStudioVersion = 10.0.40219.1
Project("{9A19103F-16F7-4668-BE54-9A1E7A4F7556}") = "Restaurant.RestApi", "Restaurant.RestApi.csproj", "{997203D0-CFEE-4776-86C3-423B2C66B760}"
EndProject
Global
	GlobalSection(SolutionConfigurationPlatforms) = preSolution
		Debug|Any CPU = Debug|Any CPU
		Release|Any CPU = Release|Any CPU
	EndGlobalSection
	GlobalSection(ProjectConfigurationPlatforms) = postSolution
		{997203D0-CFEE-4776-86C3-423B2C66B760}.Debug|Any CPU.ActiveCfg = Debug|Any CPU
		{997203D0-CFEE-4776-86C3-423B2C66B760}.Debug|Any CPU.Build.0 = Debug|Any CPU
		{997203D0-CFEE-4776-86C3-423B2C66B760}.Release|Any CPU.ActiveCfg = Release|Any CPU
		{997203D0-CFEE-4776-86C3-423B2C66B760}.Release|Any CPU.Build.0 = Release|Any CPU
	EndGlobalSection
	GlobalSection(SolutionProperties) = preSolution
		HideSolutionNode = FALSE
	EndGlobalSection
	GlobalSection(ExtensibilityGlobals) = postSolution
		SolutionGuid = {2B2C195C-5C4C-4228-90F4-5C2135BD804C}
	EndGlobalSection
EndGlobal
